
Microsoft Visual Studio Solution File, Format Version 12.00
# Visual Studio Version 17
VisualStudioVersion = 17.0.31903.59
MinimumVisualStudioVersion = 10.0.40219.1
Project("{2150E333-8FDC-42A3-9474-1A3956D46DE8}") = "src", "src", "{246BD1C3-6B95-44EE-87D7-04A7B5AD44D9}"
EndProject
Project("{FAE04EC0-301F-11D3-BF4B-00C04F79EFBC}") = "GameService", "src\GameService\GameService.csproj", "{FF5D2081-A69E-4062-9498-8AD17AF70D33}"
EndProject
Project("{FAE04EC0-301F-11D3-BF4B-00C04F79EFBC}") = "Contracts", "src\Contracts\Contracts.csproj", "{7E76D275-193B-448D-8ADE-C5B4A297492A}"
EndProject
Project("{FAE04EC0-301F-11D3-BF4B-00C04F79EFBC}") = "SearchService", "src\SearchService\SearchService.csproj", "{73B04F26-8FC0-4F92-9E62-CAD85AFFF661}"
EndProject
Project("{FAE04EC0-301F-11D3-BF4B-00C04F79EFBC}") = "FilterService", "src\FilterService\FilterService.csproj", "{FBADD60C-422D-4C13-A23B-261460EFFAF8}"
EndProject
Project("{FAE04EC0-301F-11D3-BF4B-00C04F79EFBC}") = "IdentityService", "src\IdentityService\IdentityService.csproj", "{D654349C-1A8B-4EDB-A4B4-19900B6B2C7F}"
EndProject
Project("{FAE04EC0-301F-11D3-BF4B-00C04F79EFBC}") = "BasketService", "src\BasketService\BasketService.csproj", "{46C9960B-5F43-47A5-95E4-580A1B4B363A}"
EndProject
Project("{FAE04EC0-301F-11D3-BF4B-00C04F79EFBC}") = "OrderService", "src\OrderService\OrderService.csproj", "{5AB4DBCB-61FE-4CE5-A5D4-0F98FE36A0BC}"
EndProject
Project("{FAE04EC0-301F-11D3-BF4B-00C04F79EFBC}") = "DiscountService", "src\DiscountService\DiscountService.csproj", "{6269A0E0-D4A3-4169-B36C-DE642F3B3F48}"
EndProject
Project("{FAE04EC0-301F-11D3-BF4B-00C04F79EFBC}") = "GatewayService", "src\GatewayService\GatewayService.csproj", "{87921B94-C1AA-4C53-B6AA-506B7AFB86D0}"
EndProject
Global
	GlobalSection(SolutionConfigurationPlatforms) = preSolution
		Debug|Any CPU = Debug|Any CPU
		Release|Any CPU = Release|Any CPU
	EndGlobalSection
	GlobalSection(SolutionProperties) = preSolution
		HideSolutionNode = FALSE
	EndGlobalSection
	GlobalSection(ProjectConfigurationPlatforms) = postSolution
		{FF5D2081-A69E-4062-9498-8AD17AF70D33}.Debug|Any CPU.ActiveCfg = Debug|Any CPU
		{FF5D2081-A69E-4062-9498-8AD17AF70D33}.Debug|Any CPU.Build.0 = Debug|Any CPU
		{FF5D2081-A69E-4062-9498-8AD17AF70D33}.Release|Any CPU.ActiveCfg = Release|Any CPU
		{FF5D2081-A69E-4062-9498-8AD17AF70D33}.Release|Any CPU.Build.0 = Release|Any CPU
		{7E76D275-193B-448D-8ADE-C5B4A297492A}.Debug|Any CPU.ActiveCfg = Debug|Any CPU
		{7E76D275-193B-448D-8ADE-C5B4A297492A}.Debug|Any CPU.Build.0 = Debug|Any CPU
		{7E76D275-193B-448D-8ADE-C5B4A297492A}.Release|Any CPU.ActiveCfg = Release|Any CPU
		{7E76D275-193B-448D-8ADE-C5B4A297492A}.Release|Any CPU.Build.0 = Release|Any CPU
		{73B04F26-8FC0-4F92-9E62-CAD85AFFF661}.Debug|Any CPU.ActiveCfg = Debug|Any CPU
		{73B04F26-8FC0-4F92-9E62-CAD85AFFF661}.Debug|Any CPU.Build.0 = Debug|Any CPU
		{73B04F26-8FC0-4F92-9E62-CAD85AFFF661}.Release|Any CPU.ActiveCfg = Release|Any CPU
		{73B04F26-8FC0-4F92-9E62-CAD85AFFF661}.Release|Any CPU.Build.0 = Release|Any CPU
		{FBADD60C-422D-4C13-A23B-261460EFFAF8}.Debug|Any CPU.ActiveCfg = Debug|Any CPU
		{FBADD60C-422D-4C13-A23B-261460EFFAF8}.Debug|Any CPU.Build.0 = Debug|Any CPU
		{FBADD60C-422D-4C13-A23B-261460EFFAF8}.Release|Any CPU.ActiveCfg = Release|Any CPU
		{FBADD60C-422D-4C13-A23B-261460EFFAF8}.Release|Any CPU.Build.0 = Release|Any CPU
		{D654349C-1A8B-4EDB-A4B4-19900B6B2C7F}.Debug|Any CPU.ActiveCfg = Debug|Any CPU
		{D654349C-1A8B-4EDB-A4B4-19900B6B2C7F}.Debug|Any CPU.Build.0 = Debug|Any CPU
		{D654349C-1A8B-4EDB-A4B4-19900B6B2C7F}.Release|Any CPU.ActiveCfg = Release|Any CPU
		{D654349C-1A8B-4EDB-A4B4-19900B6B2C7F}.Release|Any CPU.Build.0 = Release|Any CPU
		{46C9960B-5F43-47A5-95E4-580A1B4B363A}.Debug|Any CPU.ActiveCfg = Debug|Any CPU
		{46C9960B-5F43-47A5-95E4-580A1B4B363A}.Debug|Any CPU.Build.0 = Debug|Any CPU
		{46C9960B-5F43-47A5-95E4-580A1B4B363A}.Release|Any CPU.ActiveCfg = Release|Any CPU
		{46C9960B-5F43-47A5-95E4-580A1B4B363A}.Release|Any CPU.Build.0 = Release|Any CPU
		{5AB4DBCB-61FE-4CE5-A5D4-0F98FE36A0BC}.Debug|Any CPU.ActiveCfg = Debug|Any CPU
		{5AB4DBCB-61FE-4CE5-A5D4-0F98FE36A0BC}.Debug|Any CPU.Build.0 = Debug|Any CPU
		{5AB4DBCB-61FE-4CE5-A5D4-0F98FE36A0BC}.Release|Any CPU.ActiveCfg = Release|Any CPU
		{5AB4DBCB-61FE-4CE5-A5D4-0F98FE36A0BC}.Release|Any CPU.Build.0 = Release|Any CPU
		{6269A0E0-D4A3-4169-B36C-DE642F3B3F48}.Debug|Any CPU.ActiveCfg = Debug|Any CPU
		{6269A0E0-D4A3-4169-B36C-DE642F3B3F48}.Debug|Any CPU.Build.0 = Debug|Any CPU
		{6269A0E0-D4A3-4169-B36C-DE642F3B3F48}.Release|Any CPU.ActiveCfg = Release|Any CPU
		{6269A0E0-D4A3-4169-B36C-DE642F3B3F48}.Release|Any CPU.Build.0 = Release|Any CPU
		{87921B94-C1AA-4C53-B6AA-506B7AFB86D0}.Debug|Any CPU.ActiveCfg = Debug|Any CPU
		{87921B94-C1AA-4C53-B6AA-506B7AFB86D0}.Debug|Any CPU.Build.0 = Debug|Any CPU
		{87921B94-C1AA-4C53-B6AA-506B7AFB86D0}.Release|Any CPU.ActiveCfg = Release|Any CPU
		{87921B94-C1AA-4C53-B6AA-506B7AFB86D0}.Release|Any CPU.Build.0 = Release|Any CPU
	EndGlobalSection
	GlobalSection(NestedProjects) = preSolution
		{FF5D2081-A69E-4062-9498-8AD17AF70D33} = {246BD1C3-6B95-44EE-87D7-04A7B5AD44D9}
		{7E76D275-193B-448D-8ADE-C5B4A297492A} = {246BD1C3-6B95-44EE-87D7-04A7B5AD44D9}
		{73B04F26-8FC0-4F92-9E62-CAD85AFFF661} = {246BD1C3-6B95-44EE-87D7-04A7B5AD44D9}
		{FBADD60C-422D-4C13-A23B-261460EFFAF8} = {246BD1C3-6B95-44EE-87D7-04A7B5AD44D9}
		{D654349C-1A8B-4EDB-A4B4-19900B6B2C7F} = {246BD1C3-6B95-44EE-87D7-04A7B5AD44D9}
		{46C9960B-5F43-47A5-95E4-580A1B4B363A} = {246BD1C3-6B95-44EE-87D7-04A7B5AD44D9}
		{5AB4DBCB-61FE-4CE5-A5D4-0F98FE36A0BC} = {246BD1C3-6B95-44EE-87D7-04A7B5AD44D9}
		{6269A0E0-D4A3-4169-B36C-DE642F3B3F48} = {246BD1C3-6B95-44EE-87D7-04A7B5AD44D9}
		{87921B94-C1AA-4C53-B6AA-506B7AFB86D0} = {246BD1C3-6B95-44EE-87D7-04A7B5AD44D9}
	EndGlobalSection
EndGlobal
